// !$*UTF8*$!
{
	archiveVersion = 1;
	classes = {
	};
	objectVersion = 46;
	objects = {

/* Begin PBXBuildFile section */
		03076770193944490038CE28 /* DVTFoundation.framework in Frameworks */ = {isa = PBXBuildFile; fileRef = 0307676F193944490038CE28 /* DVTFoundation.framework */; };
		03318EDB1937BC3B00132304 /* Cocoa.framework in Frameworks */ = {isa = PBXBuildFile; fileRef = 03318EDA1937BC3B00132304 /* Cocoa.framework */; };
		03329EC81937AA1A000E475B /* README.md in Resources */ = {isa = PBXBuildFile; fileRef = 03329EC71937AA1A000E475B /* README.md */; };
		03424047193F9ACE0038ACA5 /* DVTKit.framework in Frameworks */ = {isa = PBXBuildFile; fileRef = 03424046193F9ACE0038ACA5 /* DVTKit.framework */; };
		03580362198C284000A2EF45 /* DumpXcode.sh in Resources */ = {isa = PBXBuildFile; fileRef = 03580361198C284000A2EF45 /* DumpXcode.sh */; };
		0372C85519378E9400364146 /* XCFixin.m in Sources */ = {isa = PBXBuildFile; fileRef = 0372C85419378E9400364146 /* XCFixin.m */; };
		435E248813A8E5A40052479A /* XCFixin_Highlight.m in Sources */ = {isa = PBXBuildFile; fileRef = 435E248513A8E5A40052479A /* XCFixin_Highlight.m */; };
		437DCBC514D41E700039CB49 /* InfoPlist.strings in Resources */ = {isa = PBXBuildFile; fileRef = 437DCBC314D41E700039CB49 /* InfoPlist.strings */; };
/* End PBXBuildFile section */

/* Begin PBXFileReference section */
		0307676F193944490038CE28 /* DVTFoundation.framework */ = {isa = PBXFileReference; lastKnownFileType = wrapper.framework; name = DVTFoundation.framework; path = ../../../Applications/Xcode.app/Contents/SharedFrameworks/DVTFoundation.framework; sourceTree = "<group>"; };
		03318EDA1937BC3B00132304 /* Cocoa.framework */ = {isa = PBXFileReference; lastKnownFileType = wrapper.framework; name = Cocoa.framework; path = System/Library/Frameworks/Cocoa.framework; sourceTree = SDKROOT; };
		03329EC71937AA1A000E475B /* README.md */ = {isa = PBXFileReference; fileEncoding = 4; lastKnownFileType = text; path = README.md; sourceTree = "<group>"; };
		03424046193F9ACE0038ACA5 /* DVTKit.framework */ = {isa = PBXFileReference; lastKnownFileType = wrapper.framework; name = DVTKit.framework; path = ../../../Applications/Xcode.app/Contents/SharedFrameworks/DVTKit.framework; sourceTree = "<group>"; };
		03580361198C284000A2EF45 /* DumpXcode.sh */ = {isa = PBXFileReference; fileEncoding = 4; lastKnownFileType = text.script.sh; name = DumpXcode.sh; path = "../Shared Code/DumpXcode.sh"; sourceTree = "<group>"; };
		0372C85319378E9400364146 /* XCFixin.h */ = {isa = PBXFileReference; fileEncoding = 4; indentWidth = 2; lastKnownFileType = sourcecode.c.h; name = XCFixin.h; path = "../Shared Code/XCFixin.h"; sourceTree = "<group>"; tabWidth = 2; usesTabs = 0; };
		0372C85419378E9400364146 /* XCFixin.m */ = {isa = PBXFileReference; fileEncoding = 4; indentWidth = 2; lastKnownFileType = sourcecode.c.objc; name = XCFixin.m; path = "../Shared Code/XCFixin.m"; sourceTree = "<group>"; tabWidth = 2; usesTabs = 0; };
		038959F419943FD3000941CA /* README.md */ = {isa = PBXFileReference; fileEncoding = 4; lastKnownFileType = text; name = README.md; path = ../README.md; sourceTree = "<group>"; };
		435E247213A8E4A20052479A /* XCFixin_Highlight.xcplugin */ = {isa = PBXFileReference; explicitFileType = wrapper.cfbundle; includeInIndex = 0; path = XCFixin_Highlight.xcplugin; sourceTree = BUILT_PRODUCTS_DIR; };
		435E248413A8E5A40052479A /* Info.plist */ = {isa = PBXFileReference; fileEncoding = 4; lastKnownFileType = text.plist.xml; path = Info.plist; sourceTree = "<group>"; };
		435E248513A8E5A40052479A /* XCFixin_Highlight.m */ = {isa = PBXFileReference; fileEncoding = 4; indentWidth = 4; lastKnownFileType = sourcecode.c.objc; path = XCFixin_Highlight.m; sourceTree = "<group>"; tabWidth = 4; };
		437DCBC414D41E700039CB49 /* English */ = {isa = PBXFileReference; lastKnownFileType = text.plist.strings; name = English; path = English.lproj/InfoPlist.strings; sourceTree = "<group>"; };
/* End PBXFileReference section */

/* Begin PBXFrameworksBuildPhase section */
		435E246F13A8E4A20052479A /* Frameworks */ = {
			isa = PBXFrameworksBuildPhase;
			buildActionMask = 2147483647;
			files = (
				03424047193F9ACE0038ACA5 /* DVTKit.framework in Frameworks */,
				03076770193944490038CE28 /* DVTFoundation.framework in Frameworks */,
				03318EDB1937BC3B00132304 /* Cocoa.framework in Frameworks */,
			);
			runOnlyForDeploymentPostprocessing = 0;
		};
/* End PBXFrameworksBuildPhase section */

/* Begin PBXGroup section */
		038959F619943FDD000941CA /* Shared */ = {
			isa = PBXGroup;
			children = (
				0372C85319378E9400364146 /* XCFixin.h */,
				0372C85419378E9400364146 /* XCFixin.m */,
				03580361198C284000A2EF45 /* DumpXcode.sh */,
				038959F419943FD3000941CA /* README.md */,
			);
			name = Shared;
			sourceTree = "<group>";
		};
		435E246513A8E4510052479A = {
			isa = PBXGroup;
			children = (
				03424046193F9ACE0038ACA5 /* DVTKit.framework */,
				0307676F193944490038CE28 /* DVTFoundation.framework */,
				03318EDA1937BC3B00132304 /* Cocoa.framework */,
				435E248913A8E5B70052479A /* Sources */,
				435E247313A8E4A20052479A /* Products */,
			);
			sourceTree = "<group>";
		};
		435E247313A8E4A20052479A /* Products */ = {
			isa = PBXGroup;
			children = (
				435E247213A8E4A20052479A /* XCFixin_Highlight.xcplugin */,
			);
			name = Products;
			sourceTree = "<group>";
		};
		435E248913A8E5B70052479A /* Sources */ = {
			isa = PBXGroup;
			children = (
				038959F619943FDD000941CA /* Shared */,
				03329EC71937AA1A000E475B /* README.md */,
				437DCBC314D41E700039CB49 /* InfoPlist.strings */,
				435E248413A8E5A40052479A /* Info.plist */,
				435E248513A8E5A40052479A /* XCFixin_Highlight.m */,
			);
			name = Sources;
			sourceTree = "<group>";
		};
/* End PBXGroup section */

/* Begin PBXNativeTarget section */
		435E247113A8E4A20052479A /* XCFixin_Highlight */ = {
			isa = PBXNativeTarget;
			buildConfigurationList = 435E247E13A8E4A20052479A /* Build configuration list for PBXNativeTarget "XCFixin_Highlight" */;
			buildPhases = (
				435E246E13A8E4A20052479A /* Sources */,
				435E246F13A8E4A20052479A /* Frameworks */,
				435E247013A8E4A20052479A /* Resources */,
			);
			buildRules = (
			);
			dependencies = (
			);
			name = XCFixin_Highlight;
			productName = XCode4_beginning_of_line;
			productReference = 435E247213A8E4A20052479A /* XCFixin_Highlight.xcplugin */;
			productType = "com.apple.product-type.bundle";
		};
/* End PBXNativeTarget section */

/* Begin PBXProject section */
		FB1ECC4DE9204CA9B0973FA6CC165AEA /* Project object */ = {
			isa = PBXProject;
			attributes = {
				LastUpgradeCheck = 0500;
			};
			buildConfigurationList = 435E246A13A8E4510052479A /* Build configuration list for PBXProject "XCFixin_Highlight" */;
			compatibilityVersion = "Xcode 3.2";
			developmentRegion = English;
			hasScannedForEncodings = 0;
			knownRegions = (
				en,
				English,
			);
			mainGroup = 435E246513A8E4510052479A;
			productRefGroup = 435E247313A8E4A20052479A /* Products */;
			projectDirPath = "";
			projectRoot = "";
			targets = (
				435E247113A8E4A20052479A /* XCFixin_Highlight */,
			);
		};
/* End PBXProject section */

/* Begin PBXResourcesBuildPhase section */
		435E247013A8E4A20052479A /* Resources */ = {
			isa = PBXResourcesBuildPhase;
			buildActionMask = 2147483647;
			files = (
				03329EC81937AA1A000E475B /* README.md in Resources */,
				437DCBC514D41E700039CB49 /* InfoPlist.strings in Resources */,
				03580362198C284000A2EF45 /* DumpXcode.sh in Resources */,
			);
			runOnlyForDeploymentPostprocessing = 0;
		};
/* End PBXResourcesBuildPhase section */

/* Begin PBXSourcesBuildPhase section */
		435E246E13A8E4A20052479A /* Sources */ = {
			isa = PBXSourcesBuildPhase;
			buildActionMask = 2147483647;
			files = (
				435E248813A8E5A40052479A /* XCFixin_Highlight.m in Sources */,
				0372C85519378E9400364146 /* XCFixin.m in Sources */,
			);
			runOnlyForDeploymentPostprocessing = 0;
		};
/* End PBXSourcesBuildPhase section */

/* Begin PBXVariantGroup section */
		437DCBC314D41E700039CB49 /* InfoPlist.strings */ = {
			isa = PBXVariantGroup;
			children = (
				437DCBC414D41E700039CB49 /* English */,
			);
			name = InfoPlist.strings;
			sourceTree = "<group>";
		};
/* End PBXVariantGroup section */

/* Begin XCBuildConfiguration section */
		435E246C13A8E4520052479A /* Debug */ = {
			isa = XCBuildConfiguration;
			buildSettings = {
				CLANG_ENABLE_OBJC_ARC = YES;
				GCC_C_LANGUAGE_STANDARD = gnu99;
				GCC_OPTIMIZATION_LEVEL = 0;
				GCC_PREPROCESSOR_DEFINITIONS = _DEBUG;
				GCC_WARN_ABOUT_RETURN_TYPE = YES;
				GCC_WARN_UNUSED_VARIABLE = YES;
				MACOSX_DEPLOYMENT_TARGET = 10.9;
				ONLY_ACTIVE_ARCH = YES;
				SDKROOT = macosx10.9;
			};
			name = Debug;
		};
		435E246D13A8E4520052479A /* Release */ = {
			isa = XCBuildConfiguration;
			buildSettings = {
				CLANG_ENABLE_OBJC_ARC = YES;
				GCC_C_LANGUAGE_STANDARD = gnu99;
				GCC_OPTIMIZATION_LEVEL = 3;
				GCC_WARN_ABOUT_RETURN_TYPE = YES;
				GCC_WARN_UNUSED_VARIABLE = YES;
				MACOSX_DEPLOYMENT_TARGET = 10.9;
				SDKROOT = macosx10.9;
			};
			name = Release;
		};
		435E247F13A8E4A20052479A /* Debug */ = {
			isa = XCBuildConfiguration;
			buildSettings = {
				ALWAYS_SEARCH_USER_PATHS = NO;
				COMBINE_HIDPI_IMAGES = YES;
				COPY_PHASE_STRIP = NO;
				DEPLOYMENT_LOCATION = YES;
				DEPLOYMENT_POSTPROCESSING = NO;
				DSTROOT = "$(HOME)";
				FRAMEWORK_SEARCH_PATHS = (
					"$(inherited)",
					"$(SYSTEM_APPS_DIR)/Xcode.app/Contents/SharedFrameworks",
				);
				INFOPLIST_FILE = Info.plist;
				INSTALL_PATH = "/Library/Application Support/Developer/Shared/Xcode/Plug-ins";
				LD_RUNPATH_SEARCH_PATHS = /Developer;
				PRODUCT_NAME = XCFixin_Highlight;
				STRIP_INSTALLED_PRODUCT = NO;
				WRAPPER_EXTENSION = xcplugin;
			};
			name = Debug;
		};
		435E248013A8E4A20052479A /* Release */ = {
			isa = XCBuildConfiguration;
			buildSettings = {
				ALWAYS_SEARCH_USER_PATHS = NO;
				COMBINE_HIDPI_IMAGES = YES;
				COPY_PHASE_STRIP = NO;
				DEBUG_INFORMATION_FORMAT = "dwarf-with-dsym";
				DEPLOYMENT_LOCATION = YES;
				DEPLOYMENT_POSTPROCESSING = NO;
				DSTROOT = "$(HOME)";
				FRAMEWORK_SEARCH_PATHS = (
					"$(inherited)",
					"$(SYSTEM_APPS_DIR)/Xcode.app/Contents/SharedFrameworks",
				);
				INFOPLIST_FILE = Info.plist;
				INSTALL_PATH = "/Library/Application Support/Developer/Shared/Xcode/Plug-ins";
				LD_RUNPATH_SEARCH_PATHS = /Developer;
				PRODUCT_NAME = XCFixin_Highlight;
				STRIP_INSTALLED_PRODUCT = NO;
				WRAPPER_EXTENSION = xcplugin;
			};
			name = Release;
		};
/* End XCBuildConfiguration section */

/* Begin XCConfigurationList section */
		435E246A13A8E4510052479A /* Build configuration list for PBXProject "XCFixin_Highlight" */ = {
			isa = XCConfigurationList;
			buildConfigurations = (
				435E246C13A8E4520052479A /* Debug */,
				435E246D13A8E4520052479A /* Release */,
			);
			defaultConfigurationIsVisible = 0;
			defaultConfigurationName = Release;
		};
		435E247E13A8E4A20052479A /* Build configuration list for PBXNativeTarget "XCFixin_Highlight" */ = {
			isa = XCConfigurationList;
			buildConfigurations = (
				435E247F13A8E4A20052479A /* Debug */,
				435E248013A8E4A20052479A /* Release */,
			);
			defaultConfigurationIsVisible = 0;
			defaultConfigurationName = Release;
		};
/* End XCConfigurationList section */
	};
	rootObject = FB1ECC4DE9204CA9B0973FA6CC165AEA /* Project object */;
}
