// !$*UTF8*$!
{
	archiveVersion = 1;
	classes = {
	};
	objectVersion = 46;
	objects = {

/* Begin PBXBuildFile section */
		03076770193944490038CE28 /* DVTFoundation.framework in Frameworks */ = {isa = PBXBuildFile; fileRef = 0307676F193944490038CE28 /* DVTFoundation.framework */; };
		03318EDB1937BC3B00132304 /* Cocoa.framework in Frameworks */ = {isa = PBXBuildFile; fileRef = 03318EDA1937BC3B00132304 /* Cocoa.framework */; };
		03329EC81937AA1A000E475B /* README.md in Resources */ = {isa = PBXBuildFile; fileRef = 03329EC71937AA1A000E475B /* README.md */; };
		03424047193F9ACE0038ACA5 /* DVTKit.framework in Frameworks */ = {isa = PBXBuildFile; fileRef = 03424046193F9ACE0038ACA5 /* DVTKit.framework */; };
		03580362198C284000A2EF45 /* DumpXcode.sh in Resources */ = {isa = PBXBuildFile; fileRef = 03580361198C284000A2EF45 /* DumpXcode.sh */; };
		037159C11D9F32D600E82B72 /* IDEKit.framework in Frameworks */ = {isa = PBXBuildFile; fileRef = 037159C01D9F32D600E82B72 /* IDEKit.framework */; };
		0372C85519378E9400364146 /* XCFixin.m in Sources */ = {isa = PBXBuildFile; fileRef = 0372C85419378E9400364146 /* XCFixin.m */; };
		03BA4BA81F6D88E8005EC632 /* XcodeDump in Resources */ = {isa = PBXBuildFile; fileRef = 03BA4BA71F6D88E8005EC632 /* XcodeDump */; };
		435E248813A8E5A40052479A /* XCFixin_Highlight.m in Sources */ = {isa = PBXBuildFile; fileRef = 435E248513A8E5A40052479A /* XCFixin_Highlight.m */; };
		437DCBC514D41E700039CB49 /* InfoPlist.strings in Resources */ = {isa = PBXBuildFile; fileRef = 437DCBC314D41E700039CB49 /* InfoPlist.strings */; };
/* End PBXBuildFile section */

/* Begin PBXFileReference section */
		0307676F193944490038CE28 /* DVTFoundation.framework */ = {isa = PBXFileReference; lastKnownFileType = wrapper.framework; name = DVTFoundation.framework; path = ../SharedFrameworks/DVTFoundation.framework; sourceTree = DEVELOPER_DIR; };
		03318EDA1937BC3B00132304 /* Cocoa.framework */ = {isa = PBXFileReference; lastKnownFileType = wrapper.framework; name = Cocoa.framework; path = System/Library/Frameworks/Cocoa.framework; sourceTree = SDKROOT; };
		03329EC71937AA1A000E475B /* README.md */ = {isa = PBXFileReference; fileEncoding = 4; lastKnownFileType = text; path = README.md; sourceTree = "<group>"; };
		03424046193F9ACE0038ACA5 /* DVTKit.framework */ = {isa = PBXFileReference; lastKnownFileType = wrapper.framework; name = DVTKit.framework; path = ../SharedFrameworks/DVTKit.framework; sourceTree = DEVELOPER_DIR; };
		03580361198C284000A2EF45 /* DumpXcode.sh */ = {isa = PBXFileReference; fileEncoding = 4; lastKnownFileType = text.script.sh; name = DumpXcode.sh; path = "../Shared Code/DumpXcode.sh"; sourceTree = "<group>"; };
		037159C01D9F32D600E82B72 /* IDEKit.framework */ = {isa = PBXFileReference; lastKnownFileType = wrapper.framework; name = IDEKit.framework; path = /Applications/Xcode.app/Contents/Frameworks/IDEKit.framework; sourceTree = "<absolute>"; };
		037159C21D9F344800E82B72 /* IDESourceEditor.ideplugin */ = {isa = PBXFileReference; lastKnownFileType = wrapper; name = IDESourceEditor.ideplugin; path = ../../../Applications/Xcode.app/Contents/PlugIns/IDESourceEditor.ideplugin; sourceTree = "<group>"; };
		0372C85319378E9400364146 /* XCFixin.h */ = {isa = PBXFileReference; fileEncoding = 4; indentWidth = 2; lastKnownFileType = sourcecode.c.h; name = XCFixin.h; path = "../Shared Code/XCFixin.h"; sourceTree = "<group>"; tabWidth = 2; usesTabs = 0; };
		0372C85419378E9400364146 /* XCFixin.m */ = {isa = PBXFileReference; fileEncoding = 4; indentWidth = 2; lastKnownFileType = sourcecode.c.objc; name = XCFixin.m; path = "../Shared Code/XCFixin.m"; sourceTree = "<group>"; tabWidth = 2; usesTabs = 0; };
		038959F419943FD3000941CA /* README.md */ = {isa = PBXFileReference; fileEncoding = 4; lastKnownFileType = text; name = README.md; path = ../README.md; sourceTree = "<group>"; };
		03BA4BA71F6D88E8005EC632 /* XcodeDump */ = {isa = PBXFileReference; lastKnownFileType = folder; name = XcodeDump; path = "../Shared Code/XcodeDump"; sourceTree = "<group>"; };
		435E247213A8E4A20052479A /* XCFixin_Highlight-0900.xcplugin */ = {isa = PBXFileReference; explicitFileType = wrapper.cfbundle; includeInIndex = 0; path = "XCFixin_Highlight-0900.xcplugin"; sourceTree = BUILT_PRODUCTS_DIR; };
		435E248413A8E5A40052479A /* Info.plist */ = {isa = PBXFileReference; fileEncoding = 4; lastKnownFileType = text.plist.xml; path = Info.plist; sourceTree = "<group>"; };
		435E248513A8E5A40052479A /* XCFixin_Highlight.m */ = {isa = PBXFileReference; fileEncoding = 4; indentWidth = 4; lastKnownFileType = sourcecode.c.objc; path = XCFixin_Highlight.m; sourceTree = "<group>"; tabWidth = 4; };
		437DCBC414D41E700039CB49 /* English */ = {isa = PBXFileReference; lastKnownFileType = text.plist.strings; name = English; path = English.lproj/InfoPlist.strings; sourceTree = "<group>"; };
/* End PBXFileReference section */

/* Begin PBXFrameworksBuildPhase section */
		435E246F13A8E4A20052479A /* Frameworks */ = {
			isa = PBXFrameworksBuildPhase;
			buildActionMask = 2147483647;
			files = (
				037159C11D9F32D600E82B72 /* IDEKit.framework in Frameworks */,
				03424047193F9ACE0038ACA5 /* DVTKit.framework in Frameworks */,
				03076770193944490038CE28 /* DVTFoundation.framework in Frameworks */,
				03318EDB1937BC3B00132304 /* Cocoa.framework in Frameworks */,
			);
			runOnlyForDeploymentPostprocessing = 0;
		};
/* End PBXFrameworksBuildPhase section */

/* Begin PBXGroup section */
		032A8B291D9F2D4E0034FB6C /* Frameworks */ = {
			isa = PBXGroup;
			children = (
				037159C21D9F344800E82B72 /* IDESourceEditor.ideplugin */,
				037159C01D9F32D600E82B72 /* IDEKit.framework */,
			);
			name = Frameworks;
			sourceTree = "<group>";
		};
		038959F619943FDD000941CA /* Shared */ = {
			isa = PBXGroup;
			children = (
				03BA4BA71F6D88E8005EC632 /* XcodeDump */,
				0372C85319378E9400364146 /* XCFixin.h */,
				0372C85419378E9400364146 /* XCFixin.m */,
				03580361198C284000A2EF45 /* DumpXcode.sh */,
				038959F419943FD3000941CA /* README.md */,
			);
			name = Shared;
			sourceTree = "<group>";
		};
		435E246513A8E4510052479A = {
			isa = PBXGroup;
			children = (
				03424046193F9ACE0038ACA5 /* DVTKit.framework */,
				0307676F193944490038CE28 /* DVTFoundation.framework */,
				03318EDA1937BC3B00132304 /* Cocoa.framework */,
				435E248913A8E5B70052479A /* Sources */,
				435E247313A8E4A20052479A /* Products */,
				032A8B291D9F2D4E0034FB6C /* Frameworks */,
			);
			sourceTree = "<group>";
		};
		435E247313A8E4A20052479A /* Products */ = {
			isa = PBXGroup;
			children = (
				435E247213A8E4A20052479A /* XCFixin_Highlight-0900.xcplugin */,
			);
			name = Products;
			sourceTree = "<group>";
		};
		435E248913A8E5B70052479A /* Sources */ = {
			isa = PBXGroup;
			children = (
				038959F619943FDD000941CA /* Shared */,
				03329EC71937AA1A000E475B /* README.md */,
				437DCBC314D41E700039CB49 /* InfoPlist.strings */,
				435E248413A8E5A40052479A /* Info.plist */,
				435E248513A8E5A40052479A /* XCFixin_Highlight.m */,
			);
			name = Sources;
			sourceTree = "<group>";
		};
/* End PBXGroup section */

/* Begin PBXNativeTarget section */
		435E247113A8E4A20052479A /* XCFixin_Highlight */ = {
			isa = PBXNativeTarget;
			buildConfigurationList = 435E247E13A8E4A20052479A /* Build configuration list for PBXNativeTarget "XCFixin_Highlight" */;
			buildPhases = (
				435E246E13A8E4A20052479A /* Sources */,
				435E246F13A8E4A20052479A /* Frameworks */,
				435E247013A8E4A20052479A /* Resources */,
				0307A56F1F73A28D002ACFBA /* ShellScript */,
			);
			buildRules = (
			);
			dependencies = (
			);
			name = XCFixin_Highlight;
			productName = XCode4_beginning_of_line;
			productReference = 435E247213A8E4A20052479A /* XCFixin_Highlight-0900.xcplugin */;
			productType = "com.apple.product-type.bundle";
		};
/* End PBXNativeTarget section */

/* Begin PBXProject section */
		FB1ECC4DE9204CA9B0973FA6CC165AEA /* Project object */ = {
			isa = PBXProject;
			attributes = {
				LastUpgradeCheck = 0900;
			};
			buildConfigurationList = 435E246A13A8E4510052479A /* Build configuration list for PBXProject "XCFixin_Highlight" */;
			compatibilityVersion = "Xcode 3.2";
			developmentRegion = English;
			hasScannedForEncodings = 0;
			knownRegions = (
				en,
				English,
			);
			mainGroup = 435E246513A8E4510052479A;
			productRefGroup = 435E247313A8E4A20052479A /* Products */;
			projectDirPath = "";
			projectRoot = "";
			targets = (
				435E247113A8E4A20052479A /* XCFixin_Highlight */,
			);
		};
/* End PBXProject section */

/* Begin PBXResourcesBuildPhase section */
		435E247013A8E4A20052479A /* Resources */ = {
			isa = PBXResourcesBuildPhase;
			buildActionMask = 2147483647;
			files = (
				03329EC81937AA1A000E475B /* README.md in Resources */,
				437DCBC514D41E700039CB49 /* InfoPlist.strings in Resources */,
				03BA4BA81F6D88E8005EC632 /* XcodeDump in Resources */,
				03580362198C284000A2EF45 /* DumpXcode.sh in Resources */,
			);
			runOnlyForDeploymentPostprocessing = 0;
		};
/* End PBXResourcesBuildPhase section */

/* Begin PBXShellScriptBuildPhase section */
		0307A56F1F73A28D002ACFBA /* ShellScript */ = {
			isa = PBXShellScriptBuildPhase;
			buildActionMask = 2147483647;
			files = (
			);
			inputPaths = (
			);
			outputPaths = (
			);
			runOnlyForDeploymentPostprocessing = 0;
			shellPath = /bin/sh;
			shellScript = "echo $HELP";
		};
/* End PBXShellScriptBuildPhase section */

/* Begin PBXSourcesBuildPhase section */
		435E246E13A8E4A20052479A /* Sources */ = {
			isa = PBXSourcesBuildPhase;
			buildActionMask = 2147483647;
			files = (
				435E248813A8E5A40052479A /* XCFixin_Highlight.m in Sources */,
				0372C85519378E9400364146 /* XCFixin.m in Sources */,
			);
			runOnlyForDeploymentPostprocessing = 0;
		};
/* End PBXSourcesBuildPhase section */

/* Begin PBXVariantGroup section */
		437DCBC314D41E700039CB49 /* InfoPlist.strings */ = {
			isa = PBXVariantGroup;
			children = (
				437DCBC414D41E700039CB49 /* English */,
			);
			name = InfoPlist.strings;
			sourceTree = "<group>";
		};
/* End PBXVariantGroup section */

/* Begin XCBuildConfiguration section */
		435E246C13A8E4520052479A /* Debug */ = {
			isa = XCBuildConfiguration;
			buildSettings = {
				CLANG_ANALYZER_LOCALIZABILITY_NONLOCALIZED = YES;
				CLANG_ENABLE_OBJC_ARC = YES;
				CLANG_WARN_BLOCK_CAPTURE_AUTORELEASING = YES;
				CLANG_WARN_BOOL_CONVERSION = YES;
				CLANG_WARN_COMMA = YES;
				CLANG_WARN_CONSTANT_CONVERSION = YES;
				CLANG_WARN_EMPTY_BODY = YES;
				CLANG_WARN_ENUM_CONVERSION = YES;
				CLANG_WARN_INFINITE_RECURSION = YES;
				CLANG_WARN_INT_CONVERSION = YES;
				CLANG_WARN_NON_LITERAL_NULL_CONVERSION = YES;
				CLANG_WARN_OBJC_LITERAL_CONVERSION = YES;
				CLANG_WARN_RANGE_LOOP_ANALYSIS = YES;
				CLANG_WARN_STRICT_PROTOTYPES = YES;
				CLANG_WARN_SUSPICIOUS_MOVE = YES;
				CLANG_WARN_UNREACHABLE_CODE = YES;
				CLANG_WARN__DUPLICATE_METHOD_MATCH = YES;
				COPY_PHASE_STRIP = NO;
				ENABLE_STRICT_OBJC_MSGSEND = YES;
				ENABLE_TESTABILITY = YES;
				GCC_C_LANGUAGE_STANDARD = gnu99;
				GCC_GENERATE_DEBUGGING_SYMBOLS = YES;
				GCC_NO_COMMON_BLOCKS = YES;
				GCC_OPTIMIZATION_LEVEL = 0;
				GCC_PREPROCESSOR_DEFINITIONS = _DEBUG;
				GCC_WARN_64_TO_32_BIT_CONVERSION = YES;
				GCC_WARN_ABOUT_RETURN_TYPE = YES;
				GCC_WARN_UNDECLARED_SELECTOR = YES;
				GCC_WARN_UNINITIALIZED_AUTOS = YES;
				GCC_WARN_UNUSED_FUNCTION = YES;
				GCC_WARN_UNUSED_VARIABLE = YES;
				MACOSX_DEPLOYMENT_TARGET = 10.13;
				ONLY_ACTIVE_ARCH = YES;
				SDKROOT = macosx;
				STRIP_INSTALLED_PRODUCT = NO;
				WARNING_CFLAGS = (
					"-Wno-incompatible-property-type",
					"-Wno-nullability-completeness",
					"-Wno-property-attribute-mismatch",
				);
			};
			name = Debug;
		};
		435E246D13A8E4520052479A /* Release */ = {
			isa = XCBuildConfiguration;
			buildSettings = {
				CLANG_ANALYZER_LOCALIZABILITY_NONLOCALIZED = YES;
				CLANG_ENABLE_OBJC_ARC = YES;
				CLANG_WARN_BLOCK_CAPTURE_AUTORELEASING = YES;
				CLANG_WARN_BOOL_CONVERSION = YES;
				CLANG_WARN_COMMA = YES;
				CLANG_WARN_CONSTANT_CONVERSION = YES;
				CLANG_WARN_EMPTY_BODY = YES;
				CLANG_WARN_ENUM_CONVERSION = YES;
				CLANG_WARN_INFINITE_RECURSION = YES;
				CLANG_WARN_INT_CONVERSION = YES;
				CLANG_WARN_NON_LITERAL_NULL_CONVERSION = YES;
				CLANG_WARN_OBJC_LITERAL_CONVERSION = YES;
				CLANG_WARN_RANGE_LOOP_ANALYSIS = YES;
				CLANG_WARN_STRICT_PROTOTYPES = YES;
				CLANG_WARN_SUSPICIOUS_MOVE = YES;
				CLANG_WARN_UNREACHABLE_CODE = YES;
				CLANG_WARN__DUPLICATE_METHOD_MATCH = YES;
				COPY_PHASE_STRIP = NO;
				ENABLE_STRICT_OBJC_MSGSEND = YES;
				GCC_C_LANGUAGE_STANDARD = gnu99;
				GCC_GENERATE_DEBUGGING_SYMBOLS = YES;
				GCC_NO_COMMON_BLOCKS = YES;
				GCC_OPTIMIZATION_LEVEL = 3;
				GCC_WARN_64_TO_32_BIT_CONVERSION = YES;
				GCC_WARN_ABOUT_RETURN_TYPE = YES;
				GCC_WARN_UNDECLARED_SELECTOR = YES;
				GCC_WARN_UNINITIALIZED_AUTOS = YES;
				GCC_WARN_UNUSED_FUNCTION = YES;
				GCC_WARN_UNUSED_VARIABLE = YES;
				MACOSX_DEPLOYMENT_TARGET = 10.13;
				SDKROOT = macosx;
				STRIP_INSTALLED_PRODUCT = NO;
				WARNING_CFLAGS = (
					"-Wno-incompatible-property-type",
					"-Wno-nullability-completeness",
					"-Wno-property-attribute-mismatch",
				);
			};
			name = Release;
		};
		435E247F13A8E4A20052479A /* Debug */ = {
			isa = XCBuildConfiguration;
			buildSettings = {
				ALWAYS_SEARCH_USER_PATHS = NO;
				COMBINE_HIDPI_IMAGES = YES;
				COPY_PHASE_STRIP = NO;
				DEPLOYMENT_LOCATION = YES;
				DEPLOYMENT_POSTPROCESSING = NO;
				DSTROOT = "$(HOME)";
				FRAMEWORK_SEARCH_PATHS = (
					"$(inherited)",
					"$(DEVELOPER_DIR)/../SharedFrameworks",
					"$(DEVELOPER_DIR)/../Frameworks",
					"$(DEVELOPER_DIR)/../Plugins/",
				);
				INFOPLIST_FILE = Info.plist;
				INSTALL_PATH = "/Library/Application Support/Developer/Shared/Xcode/Plug-ins";
				LD_RUNPATH_SEARCH_PATHS = /Developer;
				OTHER_LDFLAGS = "$(DEVELOPER_DIR)/../Plugins/IDESourceEditor.ideplugin/Contents/MacOS/IDESourceEditor";
				PRODUCT_BUNDLE_IDENTIFIER = "info.olofsson.${PRODUCT_NAME:rfc1034identifier}";
				PRODUCT_NAME = "XCFixin_Highlight-$(XCODE_VERSION_ACTUAL)";
				STRIP_INSTALLED_PRODUCT = NO;
				WRAPPER_EXTENSION = xcplugin;
			};
			name = Debug;
		};
		435E248013A8E4A20052479A /* Release */ = {
			isa = XCBuildConfiguration;
			buildSettings = {
				ALWAYS_SEARCH_USER_PATHS = NO;
				COMBINE_HIDPI_IMAGES = YES;
				COPY_PHASE_STRIP = NO;
				DEBUG_INFORMATION_FORMAT = "dwarf-with-dsym";
				DEPLOYMENT_LOCATION = YES;
				DEPLOYMENT_POSTPROCESSING = NO;
				DSTROOT = "$(HOME)";
				FRAMEWORK_SEARCH_PATHS = (
					"$(inherited)",
					"$(DEVELOPER_DIR)/../SharedFrameworks",
					"$(DEVELOPER_DIR)/../Frameworks",
					"$(DEVELOPER_DIR)/../Plugins/",
				);
				INFOPLIST_FILE = Info.plist;
				INSTALL_PATH = "/Library/Application Support/Developer/Shared/Xcode/Plug-ins";
				LD_RUNPATH_SEARCH_PATHS = /Developer;
				OTHER_LDFLAGS = "$(DEVELOPER_DIR)/../Plugins/IDESourceEditor.ideplugin/Contents/MacOS/IDESourceEditor";
				PRODUCT_BUNDLE_IDENTIFIER = "info.olofsson.${PRODUCT_NAME:rfc1034identifier}";
				PRODUCT_NAME = "XCFixin_Highlight-$(XCODE_VERSION_ACTUAL)";
				STRIP_INSTALLED_PRODUCT = NO;
				WRAPPER_EXTENSION = xcplugin;
			};
			name = Release;
		};
/* End XCBuildConfiguration section */

/* Begin XCConfigurationList section */
		435E246A13A8E4510052479A /* Build configuration list for PBXProject "XCFixin_Highlight" */ = {
			isa = XCConfigurationList;
			buildConfigurations = (
				435E246C13A8E4520052479A /* Debug */,
				435E246D13A8E4520052479A /* Release */,
			);
			defaultConfigurationIsVisible = 0;
			defaultConfigurationName = Release;
		};
		435E247E13A8E4A20052479A /* Build configuration list for PBXNativeTarget "XCFixin_Highlight" */ = {
			isa = XCConfigurationList;
			buildConfigurations = (
				435E247F13A8E4A20052479A /* Debug */,
				435E248013A8E4A20052479A /* Release */,
			);
			defaultConfigurationIsVisible = 0;
			defaultConfigurationName = Release;
		};
/* End XCConfigurationList section */
	};
	rootObject = FB1ECC4DE9204CA9B0973FA6CC165AEA /* Project object */;
}
