// !$*UTF8*$!
{
	archiveVersion = 1;
	classes = {
	};
	objectVersion = 46;
	objects = {

/* Begin PBXBuildFile section */
		032D81D31B89238B005B67C4 /* QuartzCore.framework in Frameworks */ = {isa = PBXBuildFile; fileRef = 032D81D21B89238B005B67C4 /* QuartzCore.framework */; };
		03318EDB1937BC3B00132304 /* Cocoa.framework in Frameworks */ = {isa = PBXBuildFile; fileRef = 03318EDA1937BC3B00132304 /* Cocoa.framework */; };
		03329EC81937AA1A000E475B /* README.md in Resources */ = {isa = PBXBuildFile; fileRef = 03329EC71937AA1A000E475B /* README.md */; };
		0372C85519378E9400364146 /* XCFixin.m in Sources */ = {isa = PBXBuildFile; fileRef = 0372C85419378E9400364146 /* XCFixin.m */; };
		0382BA6D199516B500E48ED4 /* Carbon.framework in Frameworks */ = {isa = PBXBuildFile; fileRef = 0382BA6C199516B500E48ED4 /* Carbon.framework */; };
		0382C751199412CB00DEF003 /* DVTKit.framework in Frameworks */ = {isa = PBXBuildFile; fileRef = 0382C750199412CB00DEF003 /* DVTKit.framework */; };
		0382C7531994131400DEF003 /* DVTFoundation.framework in Frameworks */ = {isa = PBXBuildFile; fileRef = 0382C7521994131400DEF003 /* DVTFoundation.framework */; };
		03A1896F1992C68500F87332 /* IDEKit.framework in Frameworks */ = {isa = PBXBuildFile; fileRef = 03A1896E1992C68500F87332 /* IDEKit.framework */; };
		03F332F71B891CA30014B200 /* IDEFoundation.framework in Frameworks */ = {isa = PBXBuildFile; fileRef = 03F332F61B891CA30014B200 /* IDEFoundation.framework */; };
		03F6DBC91BC94F6500B97C8B /* AppKit.framework in Frameworks */ = {isa = PBXBuildFile; fileRef = 03F6DBC81BC94F6500B97C8B /* AppKit.framework */; };
		435E248813A8E5A40052479A /* XCFixin_EmulateVisualStudio.m in Sources */ = {isa = PBXBuildFile; fileRef = 435E248513A8E5A40052479A /* XCFixin_EmulateVisualStudio.m */; };
		437DCBC514D41E700039CB49 /* InfoPlist.strings in Resources */ = {isa = PBXBuildFile; fileRef = 437DCBC314D41E700039CB49 /* InfoPlist.strings */; };
/* End PBXBuildFile section */

/* Begin PBXFileReference section */
		032D81D21B89238B005B67C4 /* QuartzCore.framework */ = {isa = PBXFileReference; lastKnownFileType = wrapper.framework; name = QuartzCore.framework; path = System/Library/Frameworks/QuartzCore.framework; sourceTree = SDKROOT; };
		03318EDA1937BC3B00132304 /* Cocoa.framework */ = {isa = PBXFileReference; lastKnownFileType = wrapper.framework; name = Cocoa.framework; path = System/Library/Frameworks/Cocoa.framework; sourceTree = SDKROOT; };
		03329EC71937AA1A000E475B /* README.md */ = {isa = PBXFileReference; fileEncoding = 4; lastKnownFileType = text; path = README.md; sourceTree = "<group>"; };
		0372C85319378E9400364146 /* XCFixin.h */ = {isa = PBXFileReference; fileEncoding = 4; indentWidth = 2; lastKnownFileType = sourcecode.c.h; name = XCFixin.h; path = "../Shared Code/XCFixin.h"; sourceTree = "<group>"; tabWidth = 2; usesTabs = 0; };
		0372C85419378E9400364146 /* XCFixin.m */ = {isa = PBXFileReference; fileEncoding = 4; indentWidth = 2; lastKnownFileType = sourcecode.c.objc; name = XCFixin.m; path = "../Shared Code/XCFixin.m"; sourceTree = "<group>"; tabWidth = 2; usesTabs = 0; };
		0382BA6C199516B500E48ED4 /* Carbon.framework */ = {isa = PBXFileReference; lastKnownFileType = wrapper.framework; name = Carbon.framework; path = System/Library/Frameworks/Carbon.framework; sourceTree = SDKROOT; };
		0382C750199412CB00DEF003 /* DVTKit.framework */ = {isa = PBXFileReference; lastKnownFileType = wrapper.framework; name = DVTKit.framework; path = "/Source/Xcode-4-Fixins/XCFixin_Highlight/../../../Applications/Xcode.app/Contents/SharedFrameworks/DVTKit.framework"; sourceTree = "<absolute>"; };
		0382C7521994131400DEF003 /* DVTFoundation.framework */ = {isa = PBXFileReference; lastKnownFileType = wrapper.framework; name = DVTFoundation.framework; path = ../../../Applications/Xcode.app/Contents/SharedFrameworks/DVTFoundation.framework; sourceTree = "<group>"; };
		03A1896E1992C68500F87332 /* IDEKit.framework */ = {isa = PBXFileReference; lastKnownFileType = wrapper.framework; name = IDEKit.framework; path = ../../../Applications/Xcode.app/Contents/Frameworks/IDEKit.framework; sourceTree = "<group>"; };
		03F332F61B891CA30014B200 /* IDEFoundation.framework */ = {isa = PBXFileReference; lastKnownFileType = wrapper.framework; name = IDEFoundation.framework; path = ../../../Applications/Xcode.app/Contents/Frameworks/IDEFoundation.framework; sourceTree = "<group>"; };
		03F6DBC81BC94F6500B97C8B /* AppKit.framework */ = {isa = PBXFileReference; lastKnownFileType = wrapper.framework; name = AppKit.framework; path = System/Library/Frameworks/AppKit.framework; sourceTree = SDKROOT; };
		435E247213A8E4A20052479A /* XCFixin_EmulateVisualStudio.xcplugin */ = {isa = PBXFileReference; explicitFileType = wrapper.cfbundle; includeInIndex = 0; path = XCFixin_EmulateVisualStudio.xcplugin; sourceTree = BUILT_PRODUCTS_DIR; };
		435E248413A8E5A40052479A /* Info.plist */ = {isa = PBXFileReference; fileEncoding = 4; lastKnownFileType = text.plist.xml; path = Info.plist; sourceTree = "<group>"; };
		435E248513A8E5A40052479A /* XCFixin_EmulateVisualStudio.m */ = {isa = PBXFileReference; fileEncoding = 4; indentWidth = 4; lastKnownFileType = sourcecode.c.objc; path = XCFixin_EmulateVisualStudio.m; sourceTree = "<group>"; tabWidth = 4; };
		437DCBC414D41E700039CB49 /* English */ = {isa = PBXFileReference; lastKnownFileType = text.plist.strings; name = English; path = English.lproj/InfoPlist.strings; sourceTree = "<group>"; };
/* End PBXFileReference section */

/* Begin PBXFrameworksBuildPhase section */
		435E246F13A8E4A20052479A /* Frameworks */ = {
			isa = PBXFrameworksBuildPhase;
			buildActionMask = 2147483647;
			files = (
				03F6DBC91BC94F6500B97C8B /* AppKit.framework in Frameworks */,
				032D81D31B89238B005B67C4 /* QuartzCore.framework in Frameworks */,
				03F332F71B891CA30014B200 /* IDEFoundation.framework in Frameworks */,
				0382BA6D199516B500E48ED4 /* Carbon.framework in Frameworks */,
				0382C7531994131400DEF003 /* DVTFoundation.framework in Frameworks */,
				03A1896F1992C68500F87332 /* IDEKit.framework in Frameworks */,
				03318EDB1937BC3B00132304 /* Cocoa.framework in Frameworks */,
				0382C751199412CB00DEF003 /* DVTKit.framework in Frameworks */,
			);
			runOnlyForDeploymentPostprocessing = 0;
		};
/* End PBXFrameworksBuildPhase section */

/* Begin PBXGroup section */
		435E246513A8E4510052479A = {
			isa = PBXGroup;
			children = (
				03F6DBC81BC94F6500B97C8B /* AppKit.framework */,
				032D81D21B89238B005B67C4 /* QuartzCore.framework */,
				03F332F61B891CA30014B200 /* IDEFoundation.framework */,
				0382BA6C199516B500E48ED4 /* Carbon.framework */,
				0382C7521994131400DEF003 /* DVTFoundation.framework */,
				0382C750199412CB00DEF003 /* DVTKit.framework */,
				03A1896E1992C68500F87332 /* IDEKit.framework */,
				03318EDA1937BC3B00132304 /* Cocoa.framework */,
				435E248913A8E5B70052479A /* Sources */,
				435E247313A8E4A20052479A /* Products */,
			);
			sourceTree = "<group>";
		};
		435E247313A8E4A20052479A /* Products */ = {
			isa = PBXGroup;
			children = (
				435E247213A8E4A20052479A /* XCFixin_EmulateVisualStudio.xcplugin */,
			);
			name = Products;
			sourceTree = "<group>";
		};
		435E248913A8E5B70052479A /* Sources */ = {
			isa = PBXGroup;
			children = (
				03329EC71937AA1A000E475B /* README.md */,
				0372C85319378E9400364146 /* XCFixin.h */,
				0372C85419378E9400364146 /* XCFixin.m */,
				437DCBC314D41E700039CB49 /* InfoPlist.strings */,
				435E248413A8E5A40052479A /* Info.plist */,
				435E248513A8E5A40052479A /* XCFixin_EmulateVisualStudio.m */,
			);
			name = Sources;
			sourceTree = "<group>";
		};
/* End PBXGroup section */

/* Begin PBXNativeTarget section */
		435E247113A8E4A20052479A /* XCFixin_EmulateVisualStudio */ = {
			isa = PBXNativeTarget;
			buildConfigurationList = 435E247E13A8E4A20052479A /* Build configuration list for PBXNativeTarget "XCFixin_EmulateVisualStudio" */;
			buildPhases = (
				435E246E13A8E4A20052479A /* Sources */,
				435E246F13A8E4A20052479A /* Frameworks */,
				435E247013A8E4A20052479A /* Resources */,
			);
			buildRules = (
			);
			dependencies = (
			);
			name = XCFixin_EmulateVisualStudio;
			productName = XCode4_beginning_of_line;
			productReference = 435E247213A8E4A20052479A /* XCFixin_EmulateVisualStudio.xcplugin */;
			productType = "com.apple.product-type.bundle";
		};
/* End PBXNativeTarget section */

/* Begin PBXProject section */
		435E246713A8E4510052479A /* Project object */ = {
			isa = PBXProject;
			attributes = {
				LastUpgradeCheck = 0810;
			};
			buildConfigurationList = 435E246A13A8E4510052479A /* Build configuration list for PBXProject "XCFixin_EmulateVisualStudio" */;
			compatibilityVersion = "Xcode 3.2";
			developmentRegion = English;
			hasScannedForEncodings = 0;
			knownRegions = (
				en,
				English,
			);
			mainGroup = 435E246513A8E4510052479A;
			productRefGroup = 435E247313A8E4A20052479A /* Products */;
			projectDirPath = "";
			projectRoot = "";
			targets = (
				435E247113A8E4A20052479A /* XCFixin_EmulateVisualStudio */,
			);
		};
/* End PBXProject section */

/* Begin PBXResourcesBuildPhase section */
		435E247013A8E4A20052479A /* Resources */ = {
			isa = PBXResourcesBuildPhase;
			buildActionMask = 2147483647;
			files = (
				03329EC81937AA1A000E475B /* README.md in Resources */,
				437DCBC514D41E700039CB49 /* InfoPlist.strings in Resources */,
			);
			runOnlyForDeploymentPostprocessing = 0;
		};
/* End PBXResourcesBuildPhase section */

/* Begin PBXSourcesBuildPhase section */
		435E246E13A8E4A20052479A /* Sources */ = {
			isa = PBXSourcesBuildPhase;
			buildActionMask = 2147483647;
			files = (
				435E248813A8E5A40052479A /* XCFixin_EmulateVisualStudio.m in Sources */,
				0372C85519378E9400364146 /* XCFixin.m in Sources */,
			);
			runOnlyForDeploymentPostprocessing = 0;
		};
/* End PBXSourcesBuildPhase section */

/* Begin PBXVariantGroup section */
		437DCBC314D41E700039CB49 /* InfoPlist.strings */ = {
			isa = PBXVariantGroup;
			children = (
				437DCBC414D41E700039CB49 /* English */,
			);
			name = InfoPlist.strings;
			sourceTree = "<group>";
		};
/* End PBXVariantGroup section */

/* Begin XCBuildConfiguration section */
		435E246C13A8E4520052479A /* Debug */ = {
			isa = XCBuildConfiguration;
			buildSettings = {
				CLANG_ENABLE_OBJC_ARC = YES;
				ENABLE_TESTABILITY = YES;
				GCC_C_LANGUAGE_STANDARD = gnu99;
				GCC_OPTIMIZATION_LEVEL = 0;
				GCC_PREPROCESSOR_DEFINITIONS = _DEBUG;
				GCC_WARN_ABOUT_RETURN_TYPE = YES;
				GCC_WARN_UNUSED_VARIABLE = YES;
				MACOSX_DEPLOYMENT_TARGET = 10.9;
				ONLY_ACTIVE_ARCH = YES;
				SDKROOT = macosx;
				WARNING_CFLAGS = (
					"-Wno-incompatible-property-type",
					"-Wno-nullability-completeness",
					"-Wno-property-attribute-mismatch",
				);
			};
			name = Debug;
		};
		435E246D13A8E4520052479A /* Release */ = {
			isa = XCBuildConfiguration;
			buildSettings = {
				CLANG_ENABLE_OBJC_ARC = YES;
				GCC_C_LANGUAGE_STANDARD = gnu99;
				GCC_OPTIMIZATION_LEVEL = 3;
				GCC_WARN_ABOUT_RETURN_TYPE = YES;
				GCC_WARN_UNUSED_VARIABLE = YES;
				MACOSX_DEPLOYMENT_TARGET = 10.9;
				SDKROOT = macosx;
				WARNING_CFLAGS = (
					"-Wno-incompatible-property-type",
					"-Wno-nullability-completeness",
					"-Wno-property-attribute-mismatch",
				);
			};
			name = Release;
		};
		435E247F13A8E4A20052479A /* Debug */ = {
			isa = XCBuildConfiguration;
			buildSettings = {
				ALWAYS_SEARCH_USER_PATHS = NO;
				COMBINE_HIDPI_IMAGES = YES;
				COPY_PHASE_STRIP = NO;
				DEPLOYMENT_LOCATION = YES;
				DEPLOYMENT_POSTPROCESSING = NO;
				DSTROOT = "$(HOME)";
				FRAMEWORK_SEARCH_PATHS = (
					"$(inherited)",
					"$(SYSTEM_APPS_DIR)/Xcode.app/Contents/Frameworks",
					/Applications/Xcode.app/Contents/SharedFrameworks,
					"$(SYSTEM_APPS_DIR)/Xcode.app/Contents/SharedFrameworks",
				);
				INFOPLIST_FILE = Info.plist;
				INSTALL_PATH = "/Library/Application Support/Developer/Shared/Xcode/Plug-ins";
				LD_RUNPATH_SEARCH_PATHS = /Developer;
				PRODUCT_BUNDLE_IDENTIFIER = "info.olofsson.${PRODUCT_NAME:rfc1034identifier}";
				PRODUCT_NAME = XCFixin_EmulateVisualStudio;
				STRIP_INSTALLED_PRODUCT = NO;
				WRAPPER_EXTENSION = xcplugin;
			};
			name = Debug;
		};
		435E248013A8E4A20052479A /* Release */ = {
			isa = XCBuildConfiguration;
			buildSettings = {
				ALWAYS_SEARCH_USER_PATHS = NO;
				COMBINE_HIDPI_IMAGES = YES;
				COPY_PHASE_STRIP = NO;
				DEBUG_INFORMATION_FORMAT = "dwarf-with-dsym";
				DEPLOYMENT_LOCATION = YES;
				DEPLOYMENT_POSTPROCESSING = NO;
				DSTROOT = "$(HOME)";
				FRAMEWORK_SEARCH_PATHS = (
					"$(inherited)",
					"$(SYSTEM_APPS_DIR)/Xcode.app/Contents/Frameworks",
					/Applications/Xcode.app/Contents/SharedFrameworks,
					"$(SYSTEM_APPS_DIR)/Xcode.app/Contents/SharedFrameworks",
				);
				INFOPLIST_FILE = Info.plist;
				INSTALL_PATH = "/Library/Application Support/Developer/Shared/Xcode/Plug-ins";
				LD_RUNPATH_SEARCH_PATHS = /Developer;
				PRODUCT_BUNDLE_IDENTIFIER = "info.olofsson.${PRODUCT_NAME:rfc1034identifier}";
				PRODUCT_NAME = XCFixin_EmulateVisualStudio;
				STRIP_INSTALLED_PRODUCT = NO;
				WRAPPER_EXTENSION = xcplugin;
			};
			name = Release;
		};
/* End XCBuildConfiguration section */

/* Begin XCConfigurationList section */
		435E246A13A8E4510052479A /* Build configuration list for PBXProject "XCFixin_EmulateVisualStudio" */ = {
			isa = XCConfigurationList;
			buildConfigurations = (
				435E246C13A8E4520052479A /* Debug */,
				435E246D13A8E4520052479A /* Release */,
			);
			defaultConfigurationIsVisible = 0;
			defaultConfigurationName = Release;
		};
		435E247E13A8E4A20052479A /* Build configuration list for PBXNativeTarget "XCFixin_EmulateVisualStudio" */ = {
			isa = XCConfigurationList;
			buildConfigurations = (
				435E247F13A8E4A20052479A /* Debug */,
				435E248013A8E4A20052479A /* Release */,
			);
			defaultConfigurationIsVisible = 0;
			defaultConfigurationName = Release;
		};
/* End XCConfigurationList section */
	};
	rootObject = 435E246713A8E4510052479A /* Project object */;
}
